{
  "nodes": {
    "apple-silicon": {
      "inputs": {
        "flake-compat": "flake-compat",
        "nixpkgs": [
          "nixpkgs-unstable"
        ],
        "rust-overlay": "rust-overlay"
      },
      "locked": {
        "lastModified": 1735172763,
        "narHash": "sha256-a6n8RsiAolz6p24Fsr/gTndx9xr9USpKqKK6kzBeXQc=",
        "owner": "tpwrules",
        "repo": "nixos-apple-silicon",
        "rev": "3daf0637409689d7a1304cedc50d20542bc47905",
        "type": "github"
      },
      "original": {
        "owner": "tpwrules",
        "repo": "nixos-apple-silicon",
        "type": "github"
      }
    },
    "brew-src": {
      "flake": false,
      "locked": {
        "lastModified": 1731323744,
        "narHash": "sha256-SxUQm4cTHcaoPQHoXe26ZV8cZiMWBGow8MjE4L+MckM=",
        "owner": "Homebrew",
        "repo": "brew",
        "rev": "254bf3fe9d8fa2e1b2fb55dbcf535b2d870180c4",
        "type": "github"
      },
      "original": {
        "owner": "Homebrew",
        "ref": "4.4.5",
        "repo": "brew",
        "type": "github"
      }
    },
    "emacs-overlay": {
      "inputs": {
        "nixpkgs": [
          "nixpkgs-unstable"
        ],
        "nixpkgs-stable": "nixpkgs-stable"
      },
      "locked": {
        "lastModified": 1735662026,
        "narHash": "sha256-TYxymyiOf1xJuRjUqRoE1GmRAe66+6T1il41y+dehSc=",
        "owner": "nix-community",
        "repo": "emacs-overlay",
        "rev": "24de06834be49839d0754b7fca56d0ce16e79935",
        "type": "github"
      },
      "original": {
        "owner": "nix-community",
        "repo": "emacs-overlay",
        "type": "github"
      }
    },
    "flake-compat": {
      "locked": {
        "lastModified": 1688025799,
        "narHash": "sha256-ktpB4dRtnksm9F5WawoIkEneh1nrEvuxb5lJFt1iOyw=",
        "owner": "nix-community",
        "repo": "flake-compat",
        "rev": "8bf105319d44f6b9f0d764efa4fdef9f1cc9ba1c",
        "type": "github"
      },
      "original": {
        "owner": "nix-community",
        "repo": "flake-compat",
        "type": "github"
      }
    },
    "flake-compat_2": {
      "locked": {
        "lastModified": 1696426674,
        "narHash": "sha256-kvjfFW7WAETZlt09AgDn1MrtKzP7t90Vf7vypd3OL1U=",
        "rev": "0f9255e01c2351cc7d116c072cb317785dd33b33",
        "revCount": 57,
        "type": "tarball",
        "url": "https://api.flakehub.com/f/pinned/edolstra/flake-compat/1.0.1/018afb31-abd1-7bff-a5e4-cff7e18efb7a/source.tar.gz"
      },
      "original": {
        "type": "tarball",
        "url": "https://flakehub.com/f/edolstra/flake-compat/1.tar.gz"
      }
    },
    "flake-compat_3": {
      "locked": {
        "lastModified": 1733328505,
        "narHash": "sha256-NeCCThCEP3eCl2l/+27kNNK7QrwZB1IJCrXfrbv5oqU=",
        "owner": "edolstra",
        "repo": "flake-compat",
        "rev": "ff81ac966bb2cae68946d5ed5fc4994f96d0ffec",
        "type": "github"
      },
      "original": {
        "owner": "edolstra",
        "repo": "flake-compat",
        "type": "github"
      }
    },
    "flake-utils": {
      "inputs": {
        "systems": "systems"
      },
      "locked": {
        "lastModified": 1731533236,
        "narHash": "sha256-l0KFg5HjrsfsO/JpG+r7fRrqm12kzFHyUHqHCVpMMbI=",
        "owner": "numtide",
        "repo": "flake-utils",
        "rev": "11707dc2f618dd54ca8739b309ec4fc024de578b",
        "type": "github"
      },
      "original": {
        "owner": "numtide",
        "repo": "flake-utils",
        "type": "github"
      }
    },
    "flake-utils_2": {
      "inputs": {
        "systems": "systems_2"
      },
      "locked": {
        "lastModified": 1710146030,
        "narHash": "sha256-SZ5L6eA7HJ/nmkzGG7/ISclqe6oZdOZTNoesiInkXPQ=",
        "owner": "numtide",
        "repo": "flake-utils",
        "rev": "b1d9ab70662946ef0850d488da1c9019f3a9752a",
        "type": "github"
      },
      "original": {
        "owner": "numtide",
        "repo": "flake-utils",
        "type": "github"
      }
    },
    "home-manager": {
      "inputs": {
        "nixpkgs": [
          "nixpkgs-unstable"
        ]
      },
      "locked": {
        "lastModified": 1735381016,
        "narHash": "sha256-CyCZFhMUkuYbSD6bxB/r43EdmDE7hYeZZPTCv0GudO4=",
        "owner": "nix-community",
        "repo": "home-manager",
        "rev": "10e99c43cdf4a0713b4e81d90691d22c6a58bdf2",
        "type": "github"
      },
      "original": {
        "owner": "nix-community",
        "repo": "home-manager",
        "type": "github"
      }
    },
    "nix-alien": {
      "inputs": {
        "flake-compat": "flake-compat_3",
        "flake-utils": "flake-utils",
        "nix-filter": "nix-filter",
        "nix-index-database": "nix-index-database",
        "nixpkgs": [
          "nixpkgs-unstable"
        ]
      },
      "locked": {
        "lastModified": 1734239219,
        "narHash": "sha256-iKY/OGNANXpd9hXBGfx8vObpHW4IcOH0MrerLCCc7hA=",
        "owner": "thiagokokada",
        "repo": "nix-alien",
        "rev": "a266d0f74dd4a82ec6a72b02fbf3fbc5f7105f15",
        "type": "github"
      },
      "original": {
        "owner": "thiagokokada",
        "repo": "nix-alien",
        "type": "github"
      }
    },
    "nix-darwin": {
      "inputs": {
        "nixpkgs": [
          "nixpkgs-unstable"
        ]
      },
      "locked": {
        "lastModified": 1735478292,
        "narHash": "sha256-Ys9pSP9ch0SthhpbjnkCSJ9ZLfaNKnt/dcy7swjmS1A=",
        "owner": "LnL7",
        "repo": "nix-darwin",
        "rev": "71a3a075e3229a7518d76636bb762aef2bcb73ac",
        "type": "github"
      },
      "original": {
        "owner": "LnL7",
        "ref": "master",
        "repo": "nix-darwin",
        "type": "github"
      }
    },
    "nix-darwin_2": {
      "inputs": {
        "nixpkgs": "nixpkgs"
      },
      "locked": {
        "lastModified": 1716329735,
        "narHash": "sha256-ap51w+VqG21vuzyQ04WrhI2YbWHd3UGz0e7dc/QQmoA=",
        "owner": "LnL7",
        "repo": "nix-darwin",
        "rev": "eac4f25028c1975a939c8f8fba95c12f8a25e01c",
        "type": "github"
      },
      "original": {
        "owner": "LnL7",
        "repo": "nix-darwin",
        "type": "github"
      }
    },
    "nix-filter": {
      "locked": {
        "lastModified": 1731533336,
        "narHash": "sha256-oRam5PS1vcrr5UPgALW0eo1m/5/pls27Z/pabHNy2Ms=",
        "owner": "numtide",
        "repo": "nix-filter",
        "rev": "f7653272fd234696ae94229839a99b73c9ab7de0",
        "type": "github"
      },
      "original": {
        "owner": "numtide",
        "repo": "nix-filter",
        "type": "github"
      }
    },
    "nix-homebrew": {
      "inputs": {
        "brew-src": "brew-src",
        "flake-utils": "flake-utils_2",
        "nix-darwin": "nix-darwin_2",
        "nixpkgs": [
          "nixpkgs-unstable"
        ]
      },
      "locked": {
        "lastModified": 1732145543,
        "narHash": "sha256-VRQh/lvCSko9YV7haXyPt7DSp+EkgjjBv/9U4cY9c50=",
        "owner": "zhaofengli-wip",
        "repo": "nix-homebrew",
        "rev": "ac3945ee614f69ab89c6935b3f0567028de5f012",
        "type": "github"
      },
      "original": {
        "owner": "zhaofengli-wip",
        "repo": "nix-homebrew",
        "type": "github"
      }
    },
    "nix-index-database": {
      "inputs": {
        "nixpkgs": [
          "nix-alien",
          "nixpkgs"
        ]
      },
      "locked": {
        "lastModified": 1734234111,
        "narHash": "sha256-icEMqBt4HtGH52PU5FHidgBrNJvOfXH6VQKNtnD1aw8=",
        "owner": "nix-community",
        "repo": "nix-index-database",
        "rev": "311d6cf3ad3f56cb051ffab1f480b2909b3f754d",
        "type": "github"
      },
      "original": {
        "owner": "nix-community",
        "repo": "nix-index-database",
        "type": "github"
      }
    },
    "nixos-stable": {
      "locked": {
        "lastModified": 1735286948,
        "narHash": "sha256-JMRV2RI58nV1UqLXqm+lcea1/dr92fYjWU5S+Rz3fmE=",
        "owner": "nixos",
        "repo": "nixpkgs",
        "rev": "31ac92f9628682b294026f0860e14587a09ffb4b",
        "type": "github"
      },
      "original": {
        "owner": "nixos",
        "ref": "nixos-24.05",
        "repo": "nixpkgs",
        "type": "github"
      }
    },
    "nixpkgs": {
      "locked": {
        "lastModified": 1687274257,
        "narHash": "sha256-TutzPriQcZ8FghDhEolnHcYU2oHIG5XWF+/SUBNnAOE=",
        "path": "/nix/store/22qgs3skscd9bmrxv9xv4q5d4wwm5ppx-source",
        "rev": "2c9ecd1f0400076a4d6b2193ad468ff0a7e7fdc5",
        "type": "path"
      },
      "original": {
        "id": "nixpkgs",
        "type": "indirect"
      }
    },
    "nixpkgs-stable": {
      "locked": {
        "lastModified": 1735531152,
        "narHash": "sha256-As8I+ebItDKtboWgDXYZSIjGlKeqiLBvjxsQHUmAf1Q=",
        "owner": "NixOS",
        "repo": "nixpkgs",
        "rev": "3ffbbdbac0566a0977da3d2657b89cbcfe9a173b",
        "type": "github"
      },
      "original": {
        "owner": "NixOS",
        "ref": "nixos-24.11",
        "repo": "nixpkgs",
        "type": "github"
      }
    },
    "nixpkgs-unstable": {
      "locked": {
        "lastModified": 1735554305,
        "narHash": "sha256-zExSA1i/b+1NMRhGGLtNfFGXgLtgo+dcuzHzaWA6w3Q=",
        "owner": "nixos",
        "repo": "nixpkgs",
        "rev": "0e82ab234249d8eee3e8c91437802b32c74bb3fd",
        "type": "github"
      },
      "original": {
        "owner": "nixos",
        "ref": "nixpkgs-unstable",
        "repo": "nixpkgs",
        "type": "github"
      }
    },
    "root": {
      "inputs": {
        "apple-silicon": "apple-silicon",
        "emacs-overlay": "emacs-overlay",
        "flake-compat": "flake-compat_2",
        "home-manager": "home-manager",
        "nix-alien": "nix-alien",
        "nix-darwin": "nix-darwin",
        "nix-homebrew": "nix-homebrew",
        "nixos-stable": "nixos-stable",
        "nixpkgs-unstable": "nixpkgs-unstable"
      }
    },
    "rust-overlay": {
      "flake": false,
      "locked": {
        "lastModified": 1686795910,
        "narHash": "sha256-jDa40qRZ0GRQtP9EMZdf+uCbvzuLnJglTUI2JoHfWDc=",
        "owner": "oxalica",
        "repo": "rust-overlay",
        "rev": "5c2b97c0a9bc5217fc3dfb1555aae0fb756d99f9",
        "type": "github"
      },
      "original": {
        "owner": "oxalica",
        "repo": "rust-overlay",
        "type": "github"
      }
    },
    "systems": {
      "locked": {
        "lastModified": 1681028828,
        "narHash": "sha256-Vy1rq5AaRuLzOxct8nz4T6wlgyUR7zLU309k9mBC768=",
        "owner": "nix-systems",
        "repo": "default",
        "rev": "da67096a3b9bf56a91d16901293e51ba5b49a27e",
        "type": "github"
      },
      "original": {
        "owner": "nix-systems",
        "repo": "default",
        "type": "github"
      }
    },
    "systems_2": {
      "locked": {
        "lastModified": 1681028828,
        "narHash": "sha256-Vy1rq5AaRuLzOxct8nz4T6wlgyUR7zLU309k9mBC768=",
        "owner": "nix-systems",
        "repo": "default",
        "rev": "da67096a3b9bf56a91d16901293e51ba5b49a27e",
        "type": "github"
      },
      "original": {
        "owner": "nix-systems",
        "repo": "default",
        "type": "github"
      }
    }
  },
  "root": "root",
  "version": 7
}
