{
  "nodes": {
    "brew-src": {
      "flake": false,
      "locked": {
        "lastModified": 1694443293,
        "narHash": "sha256-wBjbF2RRFyD4lN7ie98VnggmNBwAPv/dg2U+w5mUyuM=",
        "owner": "Homebrew",
        "repo": "brew",
        "rev": "4afb8e5602f3ecc9edf67a44257d8eceeaa8a108",
        "type": "github"
      },
      "original": {
        "owner": "Homebrew",
        "ref": "4.1.11",
        "repo": "brew",
        "type": "github"
      }
    },
    "emacs-overlay": {
      "inputs": {
        "flake-utils": "flake-utils",
        "nixpkgs": [
          "nixpkgs"
        ],
        "nixpkgs-stable": "nixpkgs-stable"
      },
      "locked": {
        "lastModified": 1698951926,
        "narHash": "sha256-+h+5kW02rcRm+lpF3xS8uSHe9eXZ6X+p65JlPK9XaAU=",
        "owner": "nix-community",
        "repo": "emacs-overlay",
        "rev": "fca46666f2b796c7ed2edae8718089c878997344",
        "type": "github"
      },
      "original": {
        "owner": "nix-community",
        "repo": "emacs-overlay",
        "type": "github"
      }
    },
    "flake-utils": {
      "inputs": {
        "systems": "systems"
      },
      "locked": {
        "lastModified": 1694529238,
        "narHash": "sha256-zsNZZGTGnMOf9YpHKJqMSsa0dXbfmxeoJ7xHlrt+xmY=",
        "owner": "numtide",
        "repo": "flake-utils",
        "rev": "ff7b65b44d01cf9ba6a71320833626af21126384",
        "type": "github"
      },
      "original": {
        "owner": "numtide",
        "repo": "flake-utils",
        "type": "github"
      }
    },
    "flake-utils_2": {
      "inputs": {
        "systems": "systems_2"
      },
      "locked": {
        "lastModified": 1687709756,
        "narHash": "sha256-Y5wKlQSkgEK2weWdOu4J3riRd+kV/VCgHsqLNTTWQ/0=",
        "owner": "numtide",
        "repo": "flake-utils",
        "rev": "dbabf0ca0c0c4bce6ea5eaf65af5cb694d2082c7",
        "type": "github"
      },
      "original": {
        "owner": "numtide",
        "repo": "flake-utils",
        "type": "github"
      }
    },
    "home-manager": {
      "inputs": {
        "nixpkgs": [
          "nixpkgs"
        ]
      },
      "locked": {
        "lastModified": 1698873617,
        "narHash": "sha256-FfGFcfbULwbK1vD+H0rslIOfmy4g8f2hXiPkQG3ZCTk=",
        "owner": "nix-community",
        "repo": "home-manager",
        "rev": "48b0a30202516e25d9885525fbb200a045f23f26",
        "type": "github"
      },
      "original": {
        "owner": "nix-community",
        "repo": "home-manager",
        "type": "github"
      }
    },
    "nix-darwin": {
      "inputs": {
        "nixpkgs": [
          "nixpkgs"
        ]
      },
      "locked": {
        "lastModified": 1698429334,
        "narHash": "sha256-Gq3+QabboczSu7RMpcy79RSLMSqnySO3wsnHQk4DfbE=",
        "owner": "LnL7",
        "repo": "nix-darwin",
        "rev": "afe83cbc2e673b1f08d32dd0f70df599678ff1e7",
        "type": "github"
      },
      "original": {
        "owner": "LnL7",
        "ref": "master",
        "repo": "nix-darwin",
        "type": "github"
      }
    },
    "nix-darwin_2": {
      "inputs": {
        "nixpkgs": "nixpkgs"
      },
      "locked": {
        "lastModified": 1688307440,
        "narHash": "sha256-7PTjbN+/+b799YN7Tk2SS5Vh8A0L3gBo8hmB7Y0VXug=",
        "owner": "LnL7",
        "repo": "nix-darwin",
        "rev": "b06bab83bdf285ea0ae3c8e145a081eb95959047",
        "type": "github"
      },
      "original": {
        "owner": "LnL7",
        "repo": "nix-darwin",
        "type": "github"
      }
    },
    "nix-homebrew": {
      "inputs": {
        "brew-src": "brew-src",
        "flake-utils": "flake-utils_2",
        "nix-darwin": "nix-darwin_2",
        "nixpkgs": [
          "nixpkgs"
        ]
      },
      "locked": {
        "lastModified": 1695057498,
        "narHash": "sha256-wn3j7u5tOgLLbNxZC542rJiP5iX323m+CoGPMgPOxp4=",
        "owner": "zhaofengli-wip",
        "repo": "nix-homebrew",
        "rev": "6ab33c5e9249e74401144a7c667d96a757c5d341",
        "type": "github"
      },
      "original": {
        "owner": "zhaofengli-wip",
        "repo": "nix-homebrew",
        "type": "github"
      }
    },
    "nixpkgs": {
      "locked": {
        "lastModified": 1687274257,
        "narHash": "sha256-TutzPriQcZ8FghDhEolnHcYU2oHIG5XWF+/SUBNnAOE=",
        "path": "/nix/store/22qgs3skscd9bmrxv9xv4q5d4wwm5ppx-source",
        "rev": "2c9ecd1f0400076a4d6b2193ad468ff0a7e7fdc5",
        "type": "path"
      },
      "original": {
        "id": "nixpkgs",
        "type": "indirect"
      }
    },
    "nixpkgs-stable": {
      "locked": {
        "lastModified": 1698846319,
        "narHash": "sha256-4jyW/dqFBVpWFnhl0nvP6EN4lP7/ZqPxYRjl6var0Oc=",
        "owner": "NixOS",
        "repo": "nixpkgs",
        "rev": "34bdaaf1f0b7fb6d9091472edc968ff10a8c2857",
        "type": "github"
      },
      "original": {
        "owner": "NixOS",
        "ref": "nixos-23.05",
        "repo": "nixpkgs",
        "type": "github"
      }
    },
    "nixpkgs_2": {
      "locked": {
        "lastModified": 1698611440,
        "narHash": "sha256-jPjHjrerhYDy3q9+s5EAsuhyhuknNfowY6yt6pjn9pc=",
        "owner": "nixos",
        "repo": "nixpkgs",
        "rev": "0cbe9f69c234a7700596e943bfae7ef27a31b735",
        "type": "github"
      },
      "original": {
        "owner": "nixos",
        "ref": "nixos-unstable",
        "repo": "nixpkgs",
        "type": "github"
      }
    },
    "root": {
      "inputs": {
        "emacs-overlay": "emacs-overlay",
        "home-manager": "home-manager",
        "nix-darwin": "nix-darwin",
        "nix-homebrew": "nix-homebrew",
        "nixpkgs": "nixpkgs_2"
      }
    },
    "systems": {
      "locked": {
        "lastModified": 1681028828,
        "narHash": "sha256-Vy1rq5AaRuLzOxct8nz4T6wlgyUR7zLU309k9mBC768=",
        "owner": "nix-systems",
        "repo": "default",
        "rev": "da67096a3b9bf56a91d16901293e51ba5b49a27e",
        "type": "github"
      },
      "original": {
        "owner": "nix-systems",
        "repo": "default",
        "type": "github"
      }
    },
    "systems_2": {
      "locked": {
        "lastModified": 1681028828,
        "narHash": "sha256-Vy1rq5AaRuLzOxct8nz4T6wlgyUR7zLU309k9mBC768=",
        "owner": "nix-systems",
        "repo": "default",
        "rev": "da67096a3b9bf56a91d16901293e51ba5b49a27e",
        "type": "github"
      },
      "original": {
        "owner": "nix-systems",
        "repo": "default",
        "type": "github"
      }
    }
  },
  "root": "root",
  "version": 7
}
